
Microsoft Visual Studio Solution File, Format Version 12.00
# Visual Studio Version 16
VisualStudioVersion = 16.0.30309.148
MinimumVisualStudioVersion = 10.0.40219.1
Project("{FAE04EC0-301F-11D3-BF4B-00C04F79EFBC}") = "Demo.SignalR.VirtualDirectory.Server", "Demo.SignalR.VirtualDirectory.Server\Demo.SignalR.VirtualDirectory.Server.csproj", "{B28B5948-4313-46D2-9523-C9A926EB1F84}"
EndProject
Project("{FAE04EC0-301F-11D3-BF4B-00C04F79EFBC}") = "Demo.SignalR.VirtualDirectory.Common", "Demo.SignalR.VirtualDirectory.Common\Demo.SignalR.VirtualDirectory.Common.csproj", "{BF7B9DC7-31BA-4A86-A26F-AAB864A31163}"
EndProject
Project("{FAE04EC0-301F-11D3-BF4B-00C04F79EFBC}") = "Demo.SignalR.VirtualDirectory.Client.WPF", "Demo.SignalR.VirtualDirectory.Client.WPF\Demo.SignalR.VirtualDirectory.Client.WPF.csproj", "{C415ABD1-DAA0-4822-BE08-55F3F816063F}"
EndProject
Global
	GlobalSection(SolutionConfigurationPlatforms) = preSolution
		Debug|Any CPU = Debug|Any CPU
		Release|Any CPU = Release|Any CPU
	EndGlobalSection
	GlobalSection(ProjectConfigurationPlatforms) = postSolution
		{B28B5948-4313-46D2-9523-C9A926EB1F84}.Debug|Any CPU.ActiveCfg = Debug|Any CPU
		{B28B5948-4313-46D2-9523-C9A926EB1F84}.Debug|Any CPU.Build.0 = Debug|Any CPU
		{B28B5948-4313-46D2-9523-C9A926EB1F84}.Release|Any CPU.ActiveCfg = Release|Any CPU
		{B28B5948-4313-46D2-9523-C9A926EB1F84}.Release|Any CPU.Build.0 = Release|Any CPU
		{BF7B9DC7-31BA-4A86-A26F-AAB864A31163}.Debug|Any CPU.ActiveCfg = Debug|Any CPU
		{BF7B9DC7-31BA-4A86-A26F-AAB864A31163}.Debug|Any CPU.Build.0 = Debug|Any CPU
		{BF7B9DC7-31BA-4A86-A26F-AAB864A31163}.Release|Any CPU.ActiveCfg = Release|Any CPU
		{BF7B9DC7-31BA-4A86-A26F-AAB864A31163}.Release|Any CPU.Build.0 = Release|Any CPU
		{C415ABD1-DAA0-4822-BE08-55F3F816063F}.Debug|Any CPU.ActiveCfg = Debug|Any CPU
		{C415ABD1-DAA0-4822-BE08-55F3F816063F}.Debug|Any CPU.Build.0 = Debug|Any CPU
		{C415ABD1-DAA0-4822-BE08-55F3F816063F}.Release|Any CPU.ActiveCfg = Release|Any CPU
		{C415ABD1-DAA0-4822-BE08-55F3F816063F}.Release|Any CPU.Build.0 = Release|Any CPU
	EndGlobalSection
	GlobalSection(SolutionProperties) = preSolution
		HideSolutionNode = FALSE
	EndGlobalSection
	GlobalSection(ExtensibilityGlobals) = postSolution
		SolutionGuid = {5AFE711F-1765-4447-AACF-44AD96B9ABC8}
	EndGlobalSection
EndGlobal
